{
  "name": "00-b-prueba",
  "version": "1.0.2",
  "lockfileVersion": 3,
  "requires": true,
  "packages": {
    "": {
      "name": "00-b-prueba",
      "version": "1.0.2",
      "license": "ISC",
      "dependencies": {
        "saludocomis53110": "^1.0.0"
      }
    },
    "node_modules/colors": {
      "version": "1.4.0",
      "resolved": "https://registry.npmjs.org/colors/-/colors-1.4.0.tgz",
      "integrity": "sha512-a+UqTh4kgZg/SlGvfbzDHpgRu7AAQOmmqRHJnxhRZICKFUT91brVhNNt58CMWU9PsBbv3PDCZUHbVxuDiH2mtA==",
      "engines": {
        "node": ">=0.1.90"
      }
    },
    "node_modules/saludocomis53110": {
      "version": "1.0.1",
      "resolved": "https://registry.npmjs.org/saludocomis53110/-/saludocomis53110-1.0.1.tgz",
      "integrity": "sha512-H1lSEGIjxcrTjshYdV9S0q6lCEgNBZFxOCyn1D16E3rouNJ6AHXTW5S4s/PSZ0ermXKaGXDzsu5kTWlskd0Yxg==",
      "dependencies": {
        "colors": "^1.4.0"
      }
    }
  }
}
